{
  "R": {
    "Version": "3.5.1",
    "Repositories": [
      {
        "Name": "CRAN",
        "URL": "https://cran.rstudio.com"
      }
    ]
  },
  "Packages": {
    "Matrix": {
      "Package": "Matrix",
      "Version": "1.2-14",
      "Source": "Repository",
      "Repository": "CRAN",
      "Hash": "b411f6d86aaa6ed87bd13ef69b32b7a6"
    },
    "Rcpp": {
      "Package": "Rcpp",
      "Version": "1.0.2",
      "Source": "Repository",
      "Repository": "CRAN",
      "Hash": "96a953a24b930fe455be0a5e78627d55"
    },
    "base64enc": {
      "Package": "base64enc",
      "Version": "0.1-3",
      "Source": "Repository",
      "Repository": "CRAN",
      "Hash": "eec0d710cee1455ba24eb6ab622a60e9"
    },
    "data.table": {
      "Package": "data.table",
      "Version": "1.12.6",
      "Source": "Repository",
      "Repository": "CRAN",
      "Hash": "063f521f959d21c7a8f4b050baea817a"
    },
    "digest": {
      "Package": "digest",
      "Version": "0.6.22",
      "Source": "Repository",
      "Repository": "CRAN",
      "Hash": "1417fd7efe95eb5859e69d1cf3ccaaaa"
    },
    "evaluate": {
      "Package": "evaluate",
      "Version": "0.14",
      "Source": "Repository",
      "Repository": "CRAN",
      "Hash": "ea89e41d97c0146c8f6bb068430a7e58"
    },
    "glue": {
      "Package": "glue",
      "Version": "1.3.1",
      "Source": "Repository",
      "Repository": "CRAN",
      "Hash": "156f76da413ebe13f4d7e65ae6a5d19f"
    },
    "highr": {
      "Package": "highr",
      "Version": "0.8",
      "Source": "Repository",
      "Repository": "CRAN",
      "Hash": "2f5651aef7832e8eea60d3f3add2ffaa"
    },
    "htmltools": {
      "Package": "htmltools",
      "Version": "0.3.6",
      "Source": "Repository",
      "Repository": "CRAN",
      "Hash": "881e91b8b764a550de68ad18a98c05b5"
    },
    "jsonlite": {
      "Package": "jsonlite",
      "Version": "1.6",
      "Source": "Repository",
      "Repository": "CRAN",
      "Hash": "9ec2b2fe0e874a66d0cb54d8ced5618e"
    },
    "knitr": {
      "Package": "knitr",
      "Version": "1.25",
      "Source": "Repository",
      "Repository": "CRAN",
      "Hash": "dd5c79a8450c95713d3e85769526eabe"
    },
    "lattice": {
      "Package": "lattice",
      "Version": "0.20-35",
      "Source": "Repository",
      "Repository": "CRAN",
      "Hash": "96238e972e6d8c631c273d91b13a90c3"
    },
    "magrittr": {
      "Package": "magrittr",
      "Version": "1.5",
      "Source": "Repository",
      "Repository": "CRAN",
      "Hash": "cb6367fec3fd68ff41424fe9797b8eaf"
    },
    "markdown": {
      "Package": "markdown",
      "Version": "1.1",
      "Source": "Repository",
      "Repository": "CRAN",
      "Hash": "ee162ebd6b7488e2f5a0773f1a06e71a"
    },
    "mgcv": {
      "Package": "mgcv",
      "Version": "1.8-24",
      "Source": "Repository",
      "Repository": "CRAN",
      "Hash": "04a660f17e16de5d2081a9e06212fc14"
    },
    "mime": {
      "Package": "mime",
      "Version": "0.7",
      "Source": "Repository",
      "Repository": "CRAN",
      "Hash": "054d829092f3869d99d1ac57e4fe21eb"
    },
    "nlme": {
      "Package": "nlme",
      "Version": "3.1-137",
      "Source": "Repository",
      "Repository": "CRAN",
      "Hash": "55f627741007cdb86b124a16183e6a9e"
    },
    "rjson": {
      "Package": "rjson",
      "Version": "0.2.20",
      "Source": "Repository",
      "Repository": "CRAN",
      "Hash": "56ea354be0152460f6311d983bd04ccd"
    },
    "rmarkdown": {
      "Package": "rmarkdown",
      "Version": "1.15",
      "Source": "Repository",
      "Repository": "CRAN",
      "Hash": "ff3dc5cbe968ebcc26c68169b066245a"
    },
    "stringi": {
      "Package": "stringi",
      "Version": "1.4.3",
      "Source": "Repository",
      "Repository": "CRAN",
      "Hash": "0472e71f2347e13cd398d5225ff3b0ea"
    },
    "stringr": {
      "Package": "stringr",
      "Version": "1.4.0",
      "Source": "Repository",
      "Repository": "CRAN",
      "Hash": "01fb6c8262ac804d9bafa60cea8773da"
    },
    "tinytex": {
      "Package": "tinytex",
      "Version": "0.16",
      "Source": "Repository",
      "Repository": "CRAN",
      "Hash": "7e763ef744f5068fa761f2bb39709cd4"
    },
    "xfun": {
      "Package": "xfun",
      "Version": "0.10",
      "Source": "Repository",
      "Repository": "CRAN",
      "Hash": "6a01c7a6f13ee2db015d15147da70e74"
    },
    "yaml": {
      "Package": "yaml",
      "Version": "2.2.0",
      "Source": "Repository",
      "Repository": "CRAN",
      "Hash": "e75dfa28ca59a73adfabf6899ce04472"
    }
  }
}
